
Microsoft Visual Studio Solution File, Format Version 12.00
# Visual Studio Version 17
VisualStudioVersion = 17.9.34622.214
MinimumVisualStudioVersion = 10.0.40219.1
Project("{FAE04EC0-301F-11D3-BF4B-00C04F79EFBC}") = "дзшкастумаковым", "дзшкастумаковым.csproj", "{497695D2-CD7E-4372-A52B-05E4C0C09266}"
EndProject
Global
	GlobalSection(SolutionConfigurationPlatforms) = preSolution
		Debug|Any CPU = Debug|Any CPU
		Release|Any CPU = Release|Any CPU
	EndGlobalSection
	GlobalSection(ProjectConfigurationPlatforms) = postSolution
		{497695D2-CD7E-4372-A52B-05E4C0C09266}.Debug|Any CPU.ActiveCfg = Debug|Any CPU
		{497695D2-CD7E-4372-A52B-05E4C0C09266}.Debug|Any CPU.Build.0 = Debug|Any CPU
		{497695D2-CD7E-4372-A52B-05E4C0C09266}.Release|Any CPU.ActiveCfg = Release|Any CPU
		{497695D2-CD7E-4372-A52B-05E4C0C09266}.Release|Any CPU.Build.0 = Release|Any CPU
	EndGlobalSection
	GlobalSection(SolutionProperties) = preSolution
		HideSolutionNode = FALSE
	EndGlobalSection
	GlobalSection(ExtensibilityGlobals) = postSolution
		SolutionGuid = {6A6DE643-F519-4F60-81C3-2F431D3D8DF5}
	EndGlobalSection
EndGlobal
