
Microsoft Visual Studio Solution File, Format Version 12.00
# Visual Studio Version 17
VisualStudioVersion = 17.9.34622.214
MinimumVisualStudioVersion = 10.0.40219.1
Project("{FAE04EC0-301F-11D3-BF4B-00C04F79EFBC}") = "задачки", "задачки.csproj", "{67BD4C91-646F-406E-B3C8-965B5E3BDACC}"
EndProject
Global
	GlobalSection(SolutionConfigurationPlatforms) = preSolution
		Debug|Any CPU = Debug|Any CPU
		Release|Any CPU = Release|Any CPU
	EndGlobalSection
	GlobalSection(ProjectConfigurationPlatforms) = postSolution
		{67BD4C91-646F-406E-B3C8-965B5E3BDACC}.Debug|Any CPU.ActiveCfg = Debug|Any CPU
		{67BD4C91-646F-406E-B3C8-965B5E3BDACC}.Debug|Any CPU.Build.0 = Debug|Any CPU
		{67BD4C91-646F-406E-B3C8-965B5E3BDACC}.Release|Any CPU.ActiveCfg = Release|Any CPU
		{67BD4C91-646F-406E-B3C8-965B5E3BDACC}.Release|Any CPU.Build.0 = Release|Any CPU
	EndGlobalSection
	GlobalSection(SolutionProperties) = preSolution
		HideSolutionNode = FALSE
	EndGlobalSection
	GlobalSection(ExtensibilityGlobals) = postSolution
		SolutionGuid = {18F8EF2F-5339-4BEF-AD2D-2BDE20B952CE}
	EndGlobalSection
EndGlobal
